
Microsoft Visual Studio Solution File, Format Version 12.00
# Visual Studio 15
VisualStudioVersion = 15.0.27703.2035
MinimumVisualStudioVersion = 10.0.40219.1
Project("{00D1A9C2-B5F0-4AF3-8072-F6C62B433612}") = "DBT", "DBT\DBT.sqlproj", "{999BB8B2-B6EB-4FCB-A179-78E9BF01BBA8}"
EndProject
Global
	GlobalSection(SolutionConfigurationPlatforms) = preSolution
		Debug|Any CPU = Debug|Any CPU
		Release|Any CPU = Release|Any CPU
	EndGlobalSection
	GlobalSection(ProjectConfigurationPlatforms) = postSolution
		{999BB8B2-B6EB-4FCB-A179-78E9BF01BBA8}.Debug|Any CPU.ActiveCfg = Debug|Any CPU
		{999BB8B2-B6EB-4FCB-A179-78E9BF01BBA8}.Debug|Any CPU.Build.0 = Debug|Any CPU
		{999BB8B2-B6EB-4FCB-A179-78E9BF01BBA8}.Debug|Any CPU.Deploy.0 = Debug|Any CPU
		{999BB8B2-B6EB-4FCB-A179-78E9BF01BBA8}.Release|Any CPU.ActiveCfg = Release|Any CPU
		{999BB8B2-B6EB-4FCB-A179-78E9BF01BBA8}.Release|Any CPU.Build.0 = Release|Any CPU
		{999BB8B2-B6EB-4FCB-A179-78E9BF01BBA8}.Release|Any CPU.Deploy.0 = Release|Any CPU
	EndGlobalSection
	GlobalSection(SolutionProperties) = preSolution
		HideSolutionNode = FALSE
	EndGlobalSection
	GlobalSection(ExtensibilityGlobals) = postSolution
		SolutionGuid = {199B483E-F79B-4483-AA82-B0CB3E98B22C}
	EndGlobalSection
EndGlobal
